// !$*UTF8*$!
{
	archiveVersion = 1;
	classes = {
	};
	objectVersion = 51;
	objects = {

/* Begin PBXBuildFile section */
		2AE1F6BEC9BC8678D05E0F98 /* Pods_FlixTests.framework in Frameworks */ = {isa = PBXBuildFile; fileRef = A611125BF559B9145E4AA509 /* Pods_FlixTests.framework */; };
		3DAECC04C2D231631A396442 /* Pods_Flix.framework in Frameworks */ = {isa = PBXBuildFile; fileRef = EFEDB1E7D62C54820D50A0D7 /* Pods_Flix.framework */; };
		5C0CB9C983515A32ACB4E4EC /* Pods_Flix_FlixUITests.framework in Frameworks */ = {isa = PBXBuildFile; fileRef = 7FB3ACA126D1A44F56A591CE /* Pods_Flix_FlixUITests.framework */; };
		9B30088324A3B9FD00337C1F /* AppDelegate.m in Sources */ = {isa = PBXBuildFile; fileRef = 9B30088224A3B9FD00337C1F /* AppDelegate.m */; };
		9B30088624A3B9FD00337C1F /* SceneDelegate.m in Sources */ = {isa = PBXBuildFile; fileRef = 9B30088524A3B9FD00337C1F /* SceneDelegate.m */; };
		9B30088C24A3B9FD00337C1F /* Main.storyboard in Resources */ = {isa = PBXBuildFile; fileRef = 9B30088A24A3B9FD00337C1F /* Main.storyboard */; };
		9B30088E24A3B9FE00337C1F /* Assets.xcassets in Resources */ = {isa = PBXBuildFile; fileRef = 9B30088D24A3B9FE00337C1F /* Assets.xcassets */; };
		9B30089124A3B9FE00337C1F /* LaunchScreen.storyboard in Resources */ = {isa = PBXBuildFile; fileRef = 9B30088F24A3B9FE00337C1F /* LaunchScreen.storyboard */; };
		9B30089424A3B9FE00337C1F /* main.m in Sources */ = {isa = PBXBuildFile; fileRef = 9B30089324A3B9FE00337C1F /* main.m */; };
		9B30089E24A3B9FE00337C1F /* FlixTests.m in Sources */ = {isa = PBXBuildFile; fileRef = 9B30089D24A3B9FE00337C1F /* FlixTests.m */; };
		9B3008A924A3B9FE00337C1F /* FlixUITests.m in Sources */ = {isa = PBXBuildFile; fileRef = 9B3008A824A3B9FE00337C1F /* FlixUITests.m */; };
		9B3008B824A3BDA000337C1F /* MoviesViewController.m in Sources */ = {isa = PBXBuildFile; fileRef = 9B3008B724A3BDA000337C1F /* MoviesViewController.m */; };
		9B35DB3A24A5257600942719 /* MoviesGridViewController.m in Sources */ = {isa = PBXBuildFile; fileRef = 9B35DB3924A5257600942719 /* MoviesGridViewController.m */; };
		9B35DB4024A531F800942719 /* MovieCollectionCell.m in Sources */ = {isa = PBXBuildFile; fileRef = 9B35DB3F24A531F800942719 /* MovieCollectionCell.m */; };
		9B35DB4324A679F400942719 /* SavedViewController.m in Sources */ = {isa = PBXBuildFile; fileRef = 9B35DB4224A679F400942719 /* SavedViewController.m */; };
		9BD5114724A3E90F00560AB8 /* MovieCell.m in Sources */ = {isa = PBXBuildFile; fileRef = 9BD5114624A3E90F00560AB8 /* MovieCell.m */; };
		9BD5114A24A3FFBF00560AB8 /* DetailsViewController.m in Sources */ = {isa = PBXBuildFile; fileRef = 9BD5114924A3FFBF00560AB8 /* DetailsViewController.m */; };
/* End PBXBuildFile section */

/* Begin PBXContainerItemProxy section */
		9B30089A24A3B9FE00337C1F /* PBXContainerItemProxy */ = {
			isa = PBXContainerItemProxy;
			containerPortal = 9B30087624A3B9FD00337C1F /* Project object */;
			proxyType = 1;
			remoteGlobalIDString = 9B30087D24A3B9FD00337C1F;
			remoteInfo = Flix;
		};
		9B3008A524A3B9FE00337C1F /* PBXContainerItemProxy */ = {
			isa = PBXContainerItemProxy;
			containerPortal = 9B30087624A3B9FD00337C1F /* Project object */;
			proxyType = 1;
			remoteGlobalIDString = 9B30087D24A3B9FD00337C1F;
			remoteInfo = Flix;
		};
/* End PBXContainerItemProxy section */

/* Begin PBXFileReference section */
		2903D30E103E636BA46EF4DF /* Pods-FlixTests.debug.xcconfig */ = {isa = PBXFileReference; includeInIndex = 1; lastKnownFileType = text.xcconfig; name = "Pods-FlixTests.debug.xcconfig"; path = "Target Support Files/Pods-FlixTests/Pods-FlixTests.debug.xcconfig"; sourceTree = "<group>"; };
		4032413A6B97E69036A8CD64 /* Pods-Flix-FlixUITests.debug.xcconfig */ = {isa = PBXFileReference; includeInIndex = 1; lastKnownFileType = text.xcconfig; name = "Pods-Flix-FlixUITests.debug.xcconfig"; path = "Target Support Files/Pods-Flix-FlixUITests/Pods-Flix-FlixUITests.debug.xcconfig"; sourceTree = "<group>"; };
		6994E7CBB1E973FF2136B91A /* Pods-Flix.release.xcconfig */ = {isa = PBXFileReference; includeInIndex = 1; lastKnownFileType = text.xcconfig; name = "Pods-Flix.release.xcconfig"; path = "Target Support Files/Pods-Flix/Pods-Flix.release.xcconfig"; sourceTree = "<group>"; };
		7262E3AB1B5BBC825C87D80B /* Pods-Flix-FlixUITests.release.xcconfig */ = {isa = PBXFileReference; includeInIndex = 1; lastKnownFileType = text.xcconfig; name = "Pods-Flix-FlixUITests.release.xcconfig"; path = "Target Support Files/Pods-Flix-FlixUITests/Pods-Flix-FlixUITests.release.xcconfig"; sourceTree = "<group>"; };
		7FB3ACA126D1A44F56A591CE /* Pods_Flix_FlixUITests.framework */ = {isa = PBXFileReference; explicitFileType = wrapper.framework; includeInIndex = 0; path = Pods_Flix_FlixUITests.framework; sourceTree = BUILT_PRODUCTS_DIR; };
		9B30087E24A3B9FD00337C1F /* Flix.app */ = {isa = PBXFileReference; explicitFileType = wrapper.application; includeInIndex = 0; path = Flix.app; sourceTree = BUILT_PRODUCTS_DIR; };
		9B30088124A3B9FD00337C1F /* AppDelegate.h */ = {isa = PBXFileReference; lastKnownFileType = sourcecode.c.h; path = AppDelegate.h; sourceTree = "<group>"; };
		9B30088224A3B9FD00337C1F /* AppDelegate.m */ = {isa = PBXFileReference; lastKnownFileType = sourcecode.c.objc; path = AppDelegate.m; sourceTree = "<group>"; };
		9B30088424A3B9FD00337C1F /* SceneDelegate.h */ = {isa = PBXFileReference; lastKnownFileType = sourcecode.c.h; path = SceneDelegate.h; sourceTree = "<group>"; };
		9B30088524A3B9FD00337C1F /* SceneDelegate.m */ = {isa = PBXFileReference; lastKnownFileType = sourcecode.c.objc; path = SceneDelegate.m; sourceTree = "<group>"; };
		9B30088B24A3B9FD00337C1F /* Base */ = {isa = PBXFileReference; lastKnownFileType = file.storyboard; name = Base; path = Base.lproj/Main.storyboard; sourceTree = "<group>"; };
		9B30088D24A3B9FE00337C1F /* Assets.xcassets */ = {isa = PBXFileReference; lastKnownFileType = folder.assetcatalog; path = Assets.xcassets; sourceTree = "<group>"; };
		9B30089024A3B9FE00337C1F /* Base */ = {isa = PBXFileReference; lastKnownFileType = file.storyboard; name = Base; path = Base.lproj/LaunchScreen.storyboard; sourceTree = "<group>"; };
		9B30089224A3B9FE00337C1F /* Info.plist */ = {isa = PBXFileReference; lastKnownFileType = text.plist.xml; path = Info.plist; sourceTree = "<group>"; };
		9B30089324A3B9FE00337C1F /* main.m */ = {isa = PBXFileReference; lastKnownFileType = sourcecode.c.objc; path = main.m; sourceTree = "<group>"; };
		9B30089924A3B9FE00337C1F /* FlixTests.xctest */ = {isa = PBXFileReference; explicitFileType = wrapper.cfbundle; includeInIndex = 0; path = FlixTests.xctest; sourceTree = BUILT_PRODUCTS_DIR; };
		9B30089D24A3B9FE00337C1F /* FlixTests.m */ = {isa = PBXFileReference; lastKnownFileType = sourcecode.c.objc; path = FlixTests.m; sourceTree = "<group>"; };
		9B30089F24A3B9FE00337C1F /* Info.plist */ = {isa = PBXFileReference; lastKnownFileType = text.plist.xml; path = Info.plist; sourceTree = "<group>"; };
		9B3008A424A3B9FE00337C1F /* FlixUITests.xctest */ = {isa = PBXFileReference; explicitFileType = wrapper.cfbundle; includeInIndex = 0; path = FlixUITests.xctest; sourceTree = BUILT_PRODUCTS_DIR; };
		9B3008A824A3B9FE00337C1F /* FlixUITests.m */ = {isa = PBXFileReference; lastKnownFileType = sourcecode.c.objc; path = FlixUITests.m; sourceTree = "<group>"; };
		9B3008AA24A3B9FE00337C1F /* Info.plist */ = {isa = PBXFileReference; lastKnownFileType = text.plist.xml; path = Info.plist; sourceTree = "<group>"; };
		9B3008B624A3BDA000337C1F /* MoviesViewController.h */ = {isa = PBXFileReference; lastKnownFileType = sourcecode.c.h; path = MoviesViewController.h; sourceTree = "<group>"; };
		9B3008B724A3BDA000337C1F /* MoviesViewController.m */ = {isa = PBXFileReference; lastKnownFileType = sourcecode.c.objc; path = MoviesViewController.m; sourceTree = "<group>"; };
		9B35DB3824A5257600942719 /* MoviesGridViewController.h */ = {isa = PBXFileReference; lastKnownFileType = sourcecode.c.h; path = MoviesGridViewController.h; sourceTree = "<group>"; };
		9B35DB3924A5257600942719 /* MoviesGridViewController.m */ = {isa = PBXFileReference; lastKnownFileType = sourcecode.c.objc; path = MoviesGridViewController.m; sourceTree = "<group>"; };
		9B35DB3E24A531F800942719 /* MovieCollectionCell.h */ = {isa = PBXFileReference; lastKnownFileType = sourcecode.c.h; path = MovieCollectionCell.h; sourceTree = "<group>"; };
		9B35DB3F24A531F800942719 /* MovieCollectionCell.m */ = {isa = PBXFileReference; lastKnownFileType = sourcecode.c.objc; path = MovieCollectionCell.m; sourceTree = "<group>"; };
		9B35DB4124A679F400942719 /* SavedViewController.h */ = {isa = PBXFileReference; lastKnownFileType = sourcecode.c.h; path = SavedViewController.h; sourceTree = "<group>"; };
		9B35DB4224A679F400942719 /* SavedViewController.m */ = {isa = PBXFileReference; lastKnownFileType = sourcecode.c.objc; path = SavedViewController.m; sourceTree = "<group>"; };
		9BD5114524A3E90F00560AB8 /* MovieCell.h */ = {isa = PBXFileReference; lastKnownFileType = sourcecode.c.h; path = MovieCell.h; sourceTree = "<group>"; };
		9BD5114624A3E90F00560AB8 /* MovieCell.m */ = {isa = PBXFileReference; lastKnownFileType = sourcecode.c.objc; path = MovieCell.m; sourceTree = "<group>"; };
		9BD5114824A3FFBF00560AB8 /* DetailsViewController.h */ = {isa = PBXFileReference; lastKnownFileType = sourcecode.c.h; path = DetailsViewController.h; sourceTree = "<group>"; };
		9BD5114924A3FFBF00560AB8 /* DetailsViewController.m */ = {isa = PBXFileReference; lastKnownFileType = sourcecode.c.objc; path = DetailsViewController.m; sourceTree = "<group>"; };
		A611125BF559B9145E4AA509 /* Pods_FlixTests.framework */ = {isa = PBXFileReference; explicitFileType = wrapper.framework; includeInIndex = 0; path = Pods_FlixTests.framework; sourceTree = BUILT_PRODUCTS_DIR; };
		B3030419487884884923FD67 /* Pods-Flix.debug.xcconfig */ = {isa = PBXFileReference; includeInIndex = 1; lastKnownFileType = text.xcconfig; name = "Pods-Flix.debug.xcconfig"; path = "Target Support Files/Pods-Flix/Pods-Flix.debug.xcconfig"; sourceTree = "<group>"; };
		BA31CF5A9BB990106A3D285C /* Pods-FlixTests.release.xcconfig */ = {isa = PBXFileReference; includeInIndex = 1; lastKnownFileType = text.xcconfig; name = "Pods-FlixTests.release.xcconfig"; path = "Target Support Files/Pods-FlixTests/Pods-FlixTests.release.xcconfig"; sourceTree = "<group>"; };
		EFEDB1E7D62C54820D50A0D7 /* Pods_Flix.framework */ = {isa = PBXFileReference; explicitFileType = wrapper.framework; includeInIndex = 0; path = Pods_Flix.framework; sourceTree = BUILT_PRODUCTS_DIR; };
/* End PBXFileReference section */

/* Begin PBXFrameworksBuildPhase section */
		9B30087B24A3B9FD00337C1F /* Frameworks */ = {
			isa = PBXFrameworksBuildPhase;
			buildActionMask = 2147483647;
			files = (
				3DAECC04C2D231631A396442 /* Pods_Flix.framework in Frameworks */,
			);
			runOnlyForDeploymentPostprocessing = 0;
		};
		9B30089624A3B9FE00337C1F /* Frameworks */ = {
			isa = PBXFrameworksBuildPhase;
			buildActionMask = 2147483647;
			files = (
				2AE1F6BEC9BC8678D05E0F98 /* Pods_FlixTests.framework in Frameworks */,
			);
			runOnlyForDeploymentPostprocessing = 0;
		};
		9B3008A124A3B9FE00337C1F /* Frameworks */ = {
			isa = PBXFrameworksBuildPhase;
			buildActionMask = 2147483647;
			files = (
				5C0CB9C983515A32ACB4E4EC /* Pods_Flix_FlixUITests.framework in Frameworks */,
			);
			runOnlyForDeploymentPostprocessing = 0;
		};
/* End PBXFrameworksBuildPhase section */

/* Begin PBXGroup section */
		86D110738223F05A105F1395 /* Pods */ = {
			isa = PBXGroup;
			children = (
				B3030419487884884923FD67 /* Pods-Flix.debug.xcconfig */,
				6994E7CBB1E973FF2136B91A /* Pods-Flix.release.xcconfig */,
				4032413A6B97E69036A8CD64 /* Pods-Flix-FlixUITests.debug.xcconfig */,
				7262E3AB1B5BBC825C87D80B /* Pods-Flix-FlixUITests.release.xcconfig */,
				2903D30E103E636BA46EF4DF /* Pods-FlixTests.debug.xcconfig */,
				BA31CF5A9BB990106A3D285C /* Pods-FlixTests.release.xcconfig */,
			);
			path = Pods;
			sourceTree = "<group>";
		};
		9B30087524A3B9FD00337C1F = {
			isa = PBXGroup;
			children = (
				9B30088024A3B9FD00337C1F /* Flix */,
				9B30089C24A3B9FE00337C1F /* FlixTests */,
				9B3008A724A3B9FE00337C1F /* FlixUITests */,
				9B30087F24A3B9FD00337C1F /* Products */,
				86D110738223F05A105F1395 /* Pods */,
				D57AA38ED99E57769B3F7037 /* Frameworks */,
			);
			sourceTree = "<group>";
		};
		9B30087F24A3B9FD00337C1F /* Products */ = {
			isa = PBXGroup;
			children = (
				9B30087E24A3B9FD00337C1F /* Flix.app */,
				9B30089924A3B9FE00337C1F /* FlixTests.xctest */,
				9B3008A424A3B9FE00337C1F /* FlixUITests.xctest */,
			);
			name = Products;
			sourceTree = "<group>";
		};
		9B30088024A3B9FD00337C1F /* Flix */ = {
			isa = PBXGroup;
			children = (
				9B3008BC24A3BF9600337C1F /* ViewControllers */,
				9B3008BA24A3BF8700337C1F /* Views */,
				9B3008B924A3BF8000337C1F /* Models */,
				9B30088124A3B9FD00337C1F /* AppDelegate.h */,
				9B30088224A3B9FD00337C1F /* AppDelegate.m */,
				9B30088424A3B9FD00337C1F /* SceneDelegate.h */,
				9B30088524A3B9FD00337C1F /* SceneDelegate.m */,
				9B30088A24A3B9FD00337C1F /* Main.storyboard */,
				9B30088D24A3B9FE00337C1F /* Assets.xcassets */,
				9B30088F24A3B9FE00337C1F /* LaunchScreen.storyboard */,
				9B30089224A3B9FE00337C1F /* Info.plist */,
				9B30089324A3B9FE00337C1F /* main.m */,
			);
			path = Flix;
			sourceTree = "<group>";
		};
		9B30089C24A3B9FE00337C1F /* FlixTests */ = {
			isa = PBXGroup;
			children = (
				9B30089D24A3B9FE00337C1F /* FlixTests.m */,
				9B30089F24A3B9FE00337C1F /* Info.plist */,
			);
			path = FlixTests;
			sourceTree = "<group>";
		};
		9B3008A724A3B9FE00337C1F /* FlixUITests */ = {
			isa = PBXGroup;
			children = (
				9B3008A824A3B9FE00337C1F /* FlixUITests.m */,
				9B3008AA24A3B9FE00337C1F /* Info.plist */,
			);
			path = FlixUITests;
			sourceTree = "<group>";
		};
		9B3008B924A3BF8000337C1F /* Models */ = {
			isa = PBXGroup;
			children = (
			);
			path = Models;
			sourceTree = "<group>";
		};
		9B3008BA24A3BF8700337C1F /* Views */ = {
			isa = PBXGroup;
			children = (
				9BD5114524A3E90F00560AB8 /* MovieCell.h */,
				9BD5114624A3E90F00560AB8 /* MovieCell.m */,
				9B35DB3E24A531F800942719 /* MovieCollectionCell.h */,
				9B35DB3F24A531F800942719 /* MovieCollectionCell.m */,
			);
			path = Views;
			sourceTree = "<group>";
		};
		9B3008BC24A3BF9600337C1F /* ViewControllers */ = {
			isa = PBXGroup;
			children = (
				9B3008B624A3BDA000337C1F /* MoviesViewController.h */,
				9B3008B724A3BDA000337C1F /* MoviesViewController.m */,
				9BD5114824A3FFBF00560AB8 /* DetailsViewController.h */,
				9BD5114924A3FFBF00560AB8 /* DetailsViewController.m */,
				9B35DB3824A5257600942719 /* MoviesGridViewController.h */,
				9B35DB3924A5257600942719 /* MoviesGridViewController.m */,
				9B35DB4124A679F400942719 /* SavedViewController.h */,
				9B35DB4224A679F400942719 /* SavedViewController.m */,
			);
			path = ViewControllers;
			sourceTree = "<group>";
		};
		D57AA38ED99E57769B3F7037 /* Frameworks */ = {
			isa = PBXGroup;
			children = (
				EFEDB1E7D62C54820D50A0D7 /* Pods_Flix.framework */,
				7FB3ACA126D1A44F56A591CE /* Pods_Flix_FlixUITests.framework */,
				A611125BF559B9145E4AA509 /* Pods_FlixTests.framework */,
			);
			name = Frameworks;
			sourceTree = "<group>";
		};
/* End PBXGroup section */

/* Begin PBXNativeTarget section */
		9B30087D24A3B9FD00337C1F /* Flix */ = {
			isa = PBXNativeTarget;
			buildConfigurationList = 9B3008AD24A3B9FE00337C1F /* Build configuration list for PBXNativeTarget "Flix" */;
			buildPhases = (
				5F4AA1F35B88C828D96A204D /* [CP] Check Pods Manifest.lock */,
				9B30087A24A3B9FD00337C1F /* Sources */,
				9B30087B24A3B9FD00337C1F /* Frameworks */,
				9B30087C24A3B9FD00337C1F /* Resources */,
				7BAF46934E0935A112AD3F31 /* [CP] Embed Pods Frameworks */,
			);
			buildRules = (
			);
			dependencies = (
			);
			name = Flix;
			productName = Flix;
			productReference = 9B30087E24A3B9FD00337C1F /* Flix.app */;
			productType = "com.apple.product-type.application";
		};
		9B30089824A3B9FE00337C1F /* FlixTests */ = {
			isa = PBXNativeTarget;
			buildConfigurationList = 9B3008B024A3B9FE00337C1F /* Build configuration list for PBXNativeTarget "FlixTests" */;
			buildPhases = (
				0C716DC946ECCC933553DC51 /* [CP] Check Pods Manifest.lock */,
				9B30089524A3B9FE00337C1F /* Sources */,
				9B30089624A3B9FE00337C1F /* Frameworks */,
				9B30089724A3B9FE00337C1F /* Resources */,
			);
			buildRules = (
			);
			dependencies = (
				9B30089B24A3B9FE00337C1F /* PBXTargetDependency */,
			);
			name = FlixTests;
			productName = FlixTests;
			productReference = 9B30089924A3B9FE00337C1F /* FlixTests.xctest */;
			productType = "com.apple.product-type.bundle.unit-test";
		};
		9B3008A324A3B9FE00337C1F /* FlixUITests */ = {
			isa = PBXNativeTarget;
			buildConfigurationList = 9B3008B324A3B9FE00337C1F /* Build configuration list for PBXNativeTarget "FlixUITests" */;
			buildPhases = (
				7201DD66D0A94C973829B3E6 /* [CP] Check Pods Manifest.lock */,
				9B3008A024A3B9FE00337C1F /* Sources */,
				9B3008A124A3B9FE00337C1F /* Frameworks */,
				9B3008A224A3B9FE00337C1F /* Resources */,
				849084619CA5E7674F7EB6FC /* [CP] Embed Pods Frameworks */,
			);
			buildRules = (
			);
			dependencies = (
				9B3008A624A3B9FE00337C1F /* PBXTargetDependency */,
			);
			name = FlixUITests;
			productName = FlixUITests;
			productReference = 9B3008A424A3B9FE00337C1F /* FlixUITests.xctest */;
			productType = "com.apple.product-type.bundle.ui-testing";
		};
/* End PBXNativeTarget section */

/* Begin PBXProject section */
		9B30087624A3B9FD00337C1F /* Project object */ = {
			isa = PBXProject;
			attributes = {
				LastUpgradeCheck = 1150;
				ORGANIZATIONNAME = "Carmen Gutierrez";
				TargetAttributes = {
					9B30087D24A3B9FD00337C1F = {
						CreatedOnToolsVersion = 11.5;
					};
					9B30089824A3B9FE00337C1F = {
						CreatedOnToolsVersion = 11.5;
						TestTargetID = 9B30087D24A3B9FD00337C1F;
					};
					9B3008A324A3B9FE00337C1F = {
						CreatedOnToolsVersion = 11.5;
						TestTargetID = 9B30087D24A3B9FD00337C1F;
					};
				};
			};
			buildConfigurationList = 9B30087924A3B9FD00337C1F /* Build configuration list for PBXProject "Flix" */;
			compatibilityVersion = "Xcode 9.3";
			developmentRegion = en;
			hasScannedForEncodings = 0;
			knownRegions = (
				en,
				Base,
			);
			mainGroup = 9B30087524A3B9FD00337C1F;
			productRefGroup = 9B30087F24A3B9FD00337C1F /* Products */;
			projectDirPath = "";
			projectRoot = "";
			targets = (
				9B30087D24A3B9FD00337C1F /* Flix */,
				9B30089824A3B9FE00337C1F /* FlixTests */,
				9B3008A324A3B9FE00337C1F /* FlixUITests */,
			);
		};
/* End PBXProject section */

/* Begin PBXResourcesBuildPhase section */
		9B30087C24A3B9FD00337C1F /* Resources */ = {
			isa = PBXResourcesBuildPhase;
			buildActionMask = 2147483647;
			files = (
				9B30089124A3B9FE00337C1F /* LaunchScreen.storyboard in Resources */,
				9B30088E24A3B9FE00337C1F /* Assets.xcassets in Resources */,
				9B30088C24A3B9FD00337C1F /* Main.storyboard in Resources */,
			);
			runOnlyForDeploymentPostprocessing = 0;
		};
		9B30089724A3B9FE00337C1F /* Resources */ = {
			isa = PBXResourcesBuildPhase;
			buildActionMask = 2147483647;
			files = (
			);
			runOnlyForDeploymentPostprocessing = 0;
		};
		9B3008A224A3B9FE00337C1F /* Resources */ = {
			isa = PBXResourcesBuildPhase;
			buildActionMask = 2147483647;
			files = (
			);
			runOnlyForDeploymentPostprocessing = 0;
		};
/* End PBXResourcesBuildPhase section */

/* Begin PBXShellScriptBuildPhase section */
		0C716DC946ECCC933553DC51 /* [CP] Check Pods Manifest.lock */ = {
			isa = PBXShellScriptBuildPhase;
			buildActionMask = 2147483647;
			files = (
			);
			inputFileListPaths = (
			);
			inputPaths = (
				"${PODS_PODFILE_DIR_PATH}/Podfile.lock",
				"${PODS_ROOT}/Manifest.lock",
			);
			name = "[CP] Check Pods Manifest.lock";
			outputFileListPaths = (
			);
			outputPaths = (
				"$(DERIVED_FILE_DIR)/Pods-FlixTests-checkManifestLockResult.txt",
			);
			runOnlyForDeploymentPostprocessing = 0;
			shellPath = /bin/sh;
			shellScript = "diff \"${PODS_PODFILE_DIR_PATH}/Podfile.lock\" \"${PODS_ROOT}/Manifest.lock\" > /dev/null\nif [ $? != 0 ] ; then\n    # print error to STDERR\n    echo \"error: The sandbox is not in sync with the Podfile.lock. Run 'pod install' or update your CocoaPods installation.\" >&2\n    exit 1\nfi\n# This output is used by Xcode 'outputs' to avoid re-running this script phase.\necho \"SUCCESS\" > \"${SCRIPT_OUTPUT_FILE_0}\"\n";
			showEnvVarsInLog = 0;
		};
		5F4AA1F35B88C828D96A204D /* [CP] Check Pods Manifest.lock */ = {
			isa = PBXShellScriptBuildPhase;
			buildActionMask = 2147483647;
			files = (
			);
			inputFileListPaths = (
			);
			inputPaths = (
				"${PODS_PODFILE_DIR_PATH}/Podfile.lock",
				"${PODS_ROOT}/Manifest.lock",
			);
			name = "[CP] Check Pods Manifest.lock";
			outputFileListPaths = (
			);
			outputPaths = (
				"$(DERIVED_FILE_DIR)/Pods-Flix-checkManifestLockResult.txt",
			);
			runOnlyForDeploymentPostprocessing = 0;
			shellPath = /bin/sh;
			shellScript = "diff \"${PODS_PODFILE_DIR_PATH}/Podfile.lock\" \"${PODS_ROOT}/Manifest.lock\" > /dev/null\nif [ $? != 0 ] ; then\n    # print error to STDERR\n    echo \"error: The sandbox is not in sync with the Podfile.lock. Run 'pod install' or update your CocoaPods installation.\" >&2\n    exit 1\nfi\n# This output is used by Xcode 'outputs' to avoid re-running this script phase.\necho \"SUCCESS\" > \"${SCRIPT_OUTPUT_FILE_0}\"\n";
			showEnvVarsInLog = 0;
		};
		7201DD66D0A94C973829B3E6 /* [CP] Check Pods Manifest.lock */ = {
			isa = PBXShellScriptBuildPhase;
			buildActionMask = 2147483647;
			files = (
			);
			inputFileListPaths = (
			);
			inputPaths = (
				"${PODS_PODFILE_DIR_PATH}/Podfile.lock",
				"${PODS_ROOT}/Manifest.lock",
			);
			name = "[CP] Check Pods Manifest.lock";
			outputFileListPaths = (
			);
			outputPaths = (
				"$(DERIVED_FILE_DIR)/Pods-Flix-FlixUITests-checkManifestLockResult.txt",
			);
			runOnlyForDeploymentPostprocessing = 0;
			shellPath = /bin/sh;
			shellScript = "diff \"${PODS_PODFILE_DIR_PATH}/Podfile.lock\" \"${PODS_ROOT}/Manifest.lock\" > /dev/null\nif [ $? != 0 ] ; then\n    # print error to STDERR\n    echo \"error: The sandbox is not in sync with the Podfile.lock. Run 'pod install' or update your CocoaPods installation.\" >&2\n    exit 1\nfi\n# This output is used by Xcode 'outputs' to avoid re-running this script phase.\necho \"SUCCESS\" > \"${SCRIPT_OUTPUT_FILE_0}\"\n";
			showEnvVarsInLog = 0;
		};
		7BAF46934E0935A112AD3F31 /* [CP] Embed Pods Frameworks */ = {
			isa = PBXShellScriptBuildPhase;
			buildActionMask = 2147483647;
			files = (
			);
			inputFileListPaths = (
				"${PODS_ROOT}/Target Support Files/Pods-Flix/Pods-Flix-frameworks-${CONFIGURATION}-input-files.xcfilelist",
			);
			name = "[CP] Embed Pods Frameworks";
			outputFileListPaths = (
				"${PODS_ROOT}/Target Support Files/Pods-Flix/Pods-Flix-frameworks-${CONFIGURATION}-output-files.xcfilelist",
			);
			runOnlyForDeploymentPostprocessing = 0;
			shellPath = /bin/sh;
			shellScript = "\"${PODS_ROOT}/Target Support Files/Pods-Flix/Pods-Flix-frameworks.sh\"\n";
			showEnvVarsInLog = 0;
		};
		849084619CA5E7674F7EB6FC /* [CP] Embed Pods Frameworks */ = {
			isa = PBXShellScriptBuildPhase;
			buildActionMask = 2147483647;
			files = (
			);
			inputFileListPaths = (
				"${PODS_ROOT}/Target Support Files/Pods-Flix-FlixUITests/Pods-Flix-FlixUITests-frameworks-${CONFIGURATION}-input-files.xcfilelist",
			);
			name = "[CP] Embed Pods Frameworks";
			outputFileListPaths = (
				"${PODS_ROOT}/Target Support Files/Pods-Flix-FlixUITests/Pods-Flix-FlixUITests-frameworks-${CONFIGURATION}-output-files.xcfilelist",
			);
			runOnlyForDeploymentPostprocessing = 0;
			shellPath = /bin/sh;
			shellScript = "\"${PODS_ROOT}/Target Support Files/Pods-Flix-FlixUITests/Pods-Flix-FlixUITests-frameworks.sh\"\n";
			showEnvVarsInLog = 0;
		};
/* End PBXShellScriptBuildPhase section */

/* Begin PBXSourcesBuildPhase section */
		9B30087A24A3B9FD00337C1F /* Sources */ = {
			isa = PBXSourcesBuildPhase;
			buildActionMask = 2147483647;
			files = (
				9B30088324A3B9FD00337C1F /* AppDelegate.m in Sources */,
				9BD5114724A3E90F00560AB8 /* MovieCell.m in Sources */,
				9B3008B824A3BDA000337C1F /* MoviesViewController.m in Sources */,
				9BD5114A24A3FFBF00560AB8 /* DetailsViewController.m in Sources */,
				9B35DB4024A531F800942719 /* MovieCollectionCell.m in Sources */,
				9B30089424A3B9FE00337C1F /* main.m in Sources */,
				9B35DB4324A679F400942719 /* SavedViewController.m in Sources */,
				9B35DB3A24A5257600942719 /* MoviesGridViewController.m in Sources */,
				9B30088624A3B9FD00337C1F /* SceneDelegate.m in Sources */,
			);
			runOnlyForDeploymentPostprocessing = 0;
		};
		9B30089524A3B9FE00337C1F /* Sources */ = {
			isa = PBXSourcesBuildPhase;
			buildActionMask = 2147483647;
			files = (
				9B30089E24A3B9FE00337C1F /* FlixTests.m in Sources */,
			);
			runOnlyForDeploymentPostprocessing = 0;
		};
		9B3008A024A3B9FE00337C1F /* Sources */ = {
			isa = PBXSourcesBuildPhase;
			buildActionMask = 2147483647;
			files = (
				9B3008A924A3B9FE00337C1F /* FlixUITests.m in Sources */,
			);
			runOnlyForDeploymentPostprocessing = 0;
		};
/* End PBXSourcesBuildPhase section */

/* Begin PBXTargetDependency section */
		9B30089B24A3B9FE00337C1F /* PBXTargetDependency */ = {
			isa = PBXTargetDependency;
			target = 9B30087D24A3B9FD00337C1F /* Flix */;
			targetProxy = 9B30089A24A3B9FE00337C1F /* PBXContainerItemProxy */;
		};
		9B3008A624A3B9FE00337C1F /* PBXTargetDependency */ = {
			isa = PBXTargetDependency;
			target = 9B30087D24A3B9FD00337C1F /* Flix */;
			targetProxy = 9B3008A524A3B9FE00337C1F /* PBXContainerItemProxy */;
		};
/* End PBXTargetDependency section */

/* Begin PBXVariantGroup section */
		9B30088A24A3B9FD00337C1F /* Main.storyboard */ = {
			isa = PBXVariantGroup;
			children = (
				9B30088B24A3B9FD00337C1F /* Base */,
			);
			name = Main.storyboard;
			sourceTree = "<group>";
		};
		9B30088F24A3B9FE00337C1F /* LaunchScreen.storyboard */ = {
			isa = PBXVariantGroup;
			children = (
				9B30089024A3B9FE00337C1F /* Base */,
			);
			name = LaunchScreen.storyboard;
			sourceTree = "<group>";
		};
/* End PBXVariantGroup section */

/* Begin XCBuildConfiguration section */
		9B3008AB24A3B9FE00337C1F /* Debug */ = {
			isa = XCBuildConfiguration;
			buildSettings = {
				ALWAYS_SEARCH_USER_PATHS = NO;
				CLANG_ANALYZER_NONNULL = YES;
				CLANG_ANALYZER_NUMBER_OBJECT_CONVERSION = YES_AGGRESSIVE;
				CLANG_CXX_LANGUAGE_STANDARD = "gnu++14";
				CLANG_CXX_LIBRARY = "libc++";
				CLANG_ENABLE_MODULES = YES;
				CLANG_ENABLE_OBJC_ARC = YES;
				CLANG_ENABLE_OBJC_WEAK = YES;
				CLANG_WARN_BLOCK_CAPTURE_AUTORELEASING = YES;
				CLANG_WARN_BOOL_CONVERSION = YES;
				CLANG_WARN_COMMA = YES;
				CLANG_WARN_CONSTANT_CONVERSION = YES;
				CLANG_WARN_DEPRECATED_OBJC_IMPLEMENTATIONS = YES;
				CLANG_WARN_DIRECT_OBJC_ISA_USAGE = YES_ERROR;
				CLANG_WARN_DOCUMENTATION_COMMENTS = YES;
				CLANG_WARN_EMPTY_BODY = YES;
				CLANG_WARN_ENUM_CONVERSION = YES;
				CLANG_WARN_INFINITE_RECURSION = YES;
				CLANG_WARN_INT_CONVERSION = YES;
				CLANG_WARN_NON_LITERAL_NULL_CONVERSION = YES;
				CLANG_WARN_OBJC_IMPLICIT_RETAIN_SELF = YES;
				CLANG_WARN_OBJC_LITERAL_CONVERSION = YES;
				CLANG_WARN_OBJC_ROOT_CLASS = YES_ERROR;
				CLANG_WARN_RANGE_LOOP_ANALYSIS = YES;
				CLANG_WARN_STRICT_PROTOTYPES = YES;
				CLANG_WARN_SUSPICIOUS_MOVE = YES;
				CLANG_WARN_UNGUARDED_AVAILABILITY = YES_AGGRESSIVE;
				CLANG_WARN_UNREACHABLE_CODE = YES;
				CLANG_WARN__DUPLICATE_METHOD_MATCH = YES;
				COPY_PHASE_STRIP = NO;
				DEBUG_INFORMATION_FORMAT = dwarf;
				ENABLE_STRICT_OBJC_MSGSEND = YES;
				ENABLE_TESTABILITY = YES;
				GCC_C_LANGUAGE_STANDARD = gnu11;
				GCC_DYNAMIC_NO_PIC = NO;
				GCC_NO_COMMON_BLOCKS = YES;
				GCC_OPTIMIZATION_LEVEL = 0;
				GCC_PREPROCESSOR_DEFINITIONS = (
					"DEBUG=1",
					"$(inherited)",
				);
				GCC_WARN_64_TO_32_BIT_CONVERSION = YES;
				GCC_WARN_ABOUT_RETURN_TYPE = YES_ERROR;
				GCC_WARN_UNDECLARED_SELECTOR = YES;
				GCC_WARN_UNINITIALIZED_AUTOS = YES_AGGRESSIVE;
				GCC_WARN_UNUSED_FUNCTION = YES;
				GCC_WARN_UNUSED_VARIABLE = YES;
				IPHONEOS_DEPLOYMENT_TARGET = 13.5;
				MTL_ENABLE_DEBUG_INFO = INCLUDE_SOURCE;
				MTL_FAST_MATH = YES;
				ONLY_ACTIVE_ARCH = YES;
				SDKROOT = iphoneos;
			};
			name = Debug;
		};
		9B3008AC24A3B9FE00337C1F /* Release */ = {
			isa = XCBuildConfiguration;
			buildSettings = {
				ALWAYS_SEARCH_USER_PATHS = NO;
				CLANG_ANALYZER_NONNULL = YES;
				CLANG_ANALYZER_NUMBER_OBJECT_CONVERSION = YES_AGGRESSIVE;
				CLANG_CXX_LANGUAGE_STANDARD = "gnu++14";
				CLANG_CXX_LIBRARY = "libc++";
				CLANG_ENABLE_MODULES = YES;
				CLANG_ENABLE_OBJC_ARC = YES;
				CLANG_ENABLE_OBJC_WEAK = YES;
				CLANG_WARN_BLOCK_CAPTURE_AUTORELEASING = YES;
				CLANG_WARN_BOOL_CONVERSION = YES;
				CLANG_WARN_COMMA = YES;
				CLANG_WARN_CONSTANT_CONVERSION = YES;
				CLANG_WARN_DEPRECATED_OBJC_IMPLEMENTATIONS = YES;
				CLANG_WARN_DIRECT_OBJC_ISA_USAGE = YES_ERROR;
				CLANG_WARN_DOCUMENTATION_COMMENTS = YES;
				CLANG_WARN_EMPTY_BODY = YES;
				CLANG_WARN_ENUM_CONVERSION = YES;
				CLANG_WARN_INFINITE_RECURSION = YES;
				CLANG_WARN_INT_CONVERSION = YES;
				CLANG_WARN_NON_LITERAL_NULL_CONVERSION = YES;
				CLANG_WARN_OBJC_IMPLICIT_RETAIN_SELF = YES;
				CLANG_WARN_OBJC_LITERAL_CONVERSION = YES;
				CLANG_WARN_OBJC_ROOT_CLASS = YES_ERROR;
				CLANG_WARN_RANGE_LOOP_ANALYSIS = YES;
				CLANG_WARN_STRICT_PROTOTYPES = YES;
				CLANG_WARN_SUSPICIOUS_MOVE = YES;
				CLANG_WARN_UNGUARDED_AVAILABILITY = YES_AGGRESSIVE;
				CLANG_WARN_UNREACHABLE_CODE = YES;
				CLANG_WARN__DUPLICATE_METHOD_MATCH = YES;
				COPY_PHASE_STRIP = NO;
				DEBUG_INFORMATION_FORMAT = "dwarf-with-dsym";
				ENABLE_NS_ASSERTIONS = NO;
				ENABLE_STRICT_OBJC_MSGSEND = YES;
				GCC_C_LANGUAGE_STANDARD = gnu11;
				GCC_NO_COMMON_BLOCKS = YES;
				GCC_WARN_64_TO_32_BIT_CONVERSION = YES;
				GCC_WARN_ABOUT_RETURN_TYPE = YES_ERROR;
				GCC_WARN_UNDECLARED_SELECTOR = YES;
				GCC_WARN_UNINITIALIZED_AUTOS = YES_AGGRESSIVE;
				GCC_WARN_UNUSED_FUNCTION = YES;
				GCC_WARN_UNUSED_VARIABLE = YES;
				IPHONEOS_DEPLOYMENT_TARGET = 13.5;
				MTL_ENABLE_DEBUG_INFO = NO;
				MTL_FAST_MATH = YES;
				SDKROOT = iphoneos;
				VALIDATE_PRODUCT = YES;
			};
			name = Release;
		};
		9B3008AE24A3B9FE00337C1F /* Debug */ = {
			isa = XCBuildConfiguration;
			baseConfigurationReference = B3030419487884884923FD67 /* Pods-Flix.debug.xcconfig */;
			buildSettings = {
				ASSETCATALOG_COMPILER_APPICON_NAME = AppIcon;
				CODE_SIGN_STYLE = Automatic;
				DEVELOPMENT_TEAM = QXJXPLY539;
				INFOPLIST_FILE = Flix/Info.plist;
				LD_RUNPATH_SEARCH_PATHS = (
					"$(inherited)",
					"@executable_path/Frameworks",
				);
				PRODUCT_BUNDLE_IDENTIFIER = com.carmen.justine.gutierrez.Flix;
				PRODUCT_NAME = "$(TARGET_NAME)";
				TARGETED_DEVICE_FAMILY = "1,2";
			};
			name = Debug;
		};
		9B3008AF24A3B9FE00337C1F /* Release */ = {
			isa = XCBuildConfiguration;
			baseConfigurationReference = 6994E7CBB1E973FF2136B91A /* Pods-Flix.release.xcconfig */;
			buildSettings = {
				ASSETCATALOG_COMPILER_APPICON_NAME = AppIcon;
				CODE_SIGN_STYLE = Automatic;
				DEVELOPMENT_TEAM = QXJXPLY539;
				INFOPLIST_FILE = Flix/Info.plist;
				LD_RUNPATH_SEARCH_PATHS = (
					"$(inherited)",
					"@executable_path/Frameworks",
				);
				PRODUCT_BUNDLE_IDENTIFIER = com.carmen.justine.gutierrez.Flix;
				PRODUCT_NAME = "$(TARGET_NAME)";
				TARGETED_DEVICE_FAMILY = "1,2";
			};
			name = Release;
		};
		9B3008B124A3B9FE00337C1F /* Debug */ = {
			isa = XCBuildConfiguration;
			baseConfigurationReference = 2903D30E103E636BA46EF4DF /* Pods-FlixTests.debug.xcconfig */;
			buildSettings = {
				BUNDLE_LOADER = "$(TEST_HOST)";
				CODE_SIGN_STYLE = Automatic;
				DEVELOPMENT_TEAM = QXJXPLY539;
				INFOPLIST_FILE = FlixTests/Info.plist;
				IPHONEOS_DEPLOYMENT_TARGET = 13.5;
				LD_RUNPATH_SEARCH_PATHS = (
					"$(inherited)",
					"@executable_path/Frameworks",
					"@loader_path/Frameworks",
				);
				PRODUCT_BUNDLE_IDENTIFIER = com.carmen.justine.gutierrez.FlixTests;
				PRODUCT_NAME = "$(TARGET_NAME)";
				TARGETED_DEVICE_FAMILY = "1,2";
				TEST_HOST = "$(BUILT_PRODUCTS_DIR)/Flix.app/Flix";
			};
			name = Debug;
		};
		9B3008B224A3B9FE00337C1F /* Release */ = {
			isa = XCBuildConfiguration;
			baseConfigurationReference = BA31CF5A9BB990106A3D285C /* Pods-FlixTests.release.xcconfig */;
			buildSettings = {
				BUNDLE_LOADER = "$(TEST_HOST)";
				CODE_SIGN_STYLE = Automatic;
				DEVELOPMENT_TEAM = QXJXPLY539;
				INFOPLIST_FILE = FlixTests/Info.plist;
				IPHONEOS_DEPLOYMENT_TARGET = 13.5;
				LD_RUNPATH_SEARCH_PATHS = (
					"$(inherited)",
					"@executable_path/Frameworks",
					"@loader_path/Frameworks",
				);
				PRODUCT_BUNDLE_IDENTIFIER = com.carmen.justine.gutierrez.FlixTests;
				PRODUCT_NAME = "$(TARGET_NAME)";
				TARGETED_DEVICE_FAMILY = "1,2";
				TEST_HOST = "$(BUILT_PRODUCTS_DIR)/Flix.app/Flix";
			};
			name = Release;
		};
		9B3008B424A3B9FE00337C1F /* Debug */ = {
			isa = XCBuildConfiguration;
			baseConfigurationReference = 4032413A6B97E69036A8CD64 /* Pods-Flix-FlixUITests.debug.xcconfig */;
			buildSettings = {
				CODE_SIGN_STYLE = Automatic;
				DEVELOPMENT_TEAM = QXJXPLY539;
				INFOPLIST_FILE = FlixUITests/Info.plist;
				LD_RUNPATH_SEARCH_PATHS = (
					"$(inherited)",
					"@executable_path/Frameworks",
					"@loader_path/Frameworks",
				);
				PRODUCT_BUNDLE_IDENTIFIER = com.carmen.justine.gutierrez.FlixUITests;
				PRODUCT_NAME = "$(TARGET_NAME)";
				TARGETED_DEVICE_FAMILY = "1,2";
				TEST_TARGET_NAME = Flix;
			};
			name = Debug;
		};
		9B3008B524A3B9FE00337C1F /* Release */ = {
			isa = XCBuildConfiguration;
			baseConfigurationReference = 7262E3AB1B5BBC825C87D80B /* Pods-Flix-FlixUITests.release.xcconfig */;
			buildSettings = {
				CODE_SIGN_STYLE = Automatic;
				DEVELOPMENT_TEAM = QXJXPLY539;
				INFOPLIST_FILE = FlixUITests/Info.plist;
				LD_RUNPATH_SEARCH_PATHS = (
					"$(inherited)",
					"@executable_path/Frameworks",
					"@loader_path/Frameworks",
				);
				PRODUCT_BUNDLE_IDENTIFIER = com.carmen.justine.gutierrez.FlixUITests;
				PRODUCT_NAME = "$(TARGET_NAME)";
				TARGETED_DEVICE_FAMILY = "1,2";
				TEST_TARGET_NAME = Flix;
			};
			name = Release;
		};
/* End XCBuildConfiguration section */

/* Begin XCConfigurationList section */
		9B30087924A3B9FD00337C1F /* Build configuration list for PBXProject "Flix" */ = {
			isa = XCConfigurationList;
			buildConfigurations = (
				9B3008AB24A3B9FE00337C1F /* Debug */,
				9B3008AC24A3B9FE00337C1F /* Release */,
			);
			defaultConfigurationIsVisible = 0;
			defaultConfigurationName = Release;
		};
		9B3008AD24A3B9FE00337C1F /* Build configuration list for PBXNativeTarget "Flix" */ = {
			isa = XCConfigurationList;
			buildConfigurations = (
				9B3008AE24A3B9FE00337C1F /* Debug */,
				9B3008AF24A3B9FE00337C1F /* Release */,
			);
			defaultConfigurationIsVisible = 0;
			defaultConfigurationName = Release;
		};
		9B3008B024A3B9FE00337C1F /* Build configuration list for PBXNativeTarget "FlixTests" */ = {
			isa = XCConfigurationList;
			buildConfigurations = (
				9B3008B124A3B9FE00337C1F /* Debug */,
				9B3008B224A3B9FE00337C1F /* Release */,
			);
			defaultConfigurationIsVisible = 0;
			defaultConfigurationName = Release;
		};
		9B3008B324A3B9FE00337C1F /* Build configuration list for PBXNativeTarget "FlixUITests" */ = {
			isa = XCConfigurationList;
			buildConfigurations = (
				9B3008B424A3B9FE00337C1F /* Debug */,
				9B3008B524A3B9FE00337C1F /* Release */,
			);
			defaultConfigurationIsVisible = 0;
			defaultConfigurationName = Release;
		};
/* End XCConfigurationList section */
	};
	rootObject = 9B30087624A3B9FD00337C1F /* Project object */;
}
